
Microsoft Visual Studio Solution File, Format Version 12.00
Project("{FAE04EC0-301F-11D3-BF4B-00C04F79EFBC}") = "csharp", "csharp.csproj", "{559B2988-4821-47CD-B543-44F8A32E9966}"
EndProject
Global
	GlobalSection(SolutionConfigurationPlatforms) = preSolution
		Debug|Any CPU = Debug|Any CPU
		Release|Any CPU = Release|Any CPU
	EndGlobalSection
	GlobalSection(ProjectConfigurationPlatforms) = postSolution
		{559B2988-4821-47CD-B543-44F8A32E9966}.Debug|Any CPU.ActiveCfg = Debug|Any CPU
		{559B2988-4821-47CD-B543-44F8A32E9966}.Debug|Any CPU.Build.0 = Debug|Any CPU
		{559B2988-4821-47CD-B543-44F8A32E9966}.Release|Any CPU.ActiveCfg = Release|Any CPU
		{559B2988-4821-47CD-B543-44F8A32E9966}.Release|Any CPU.Build.0 = Release|Any CPU
	EndGlobalSection
EndGlobal
